// !$*UTF8*$!
{
	archiveVersion = 1;
	classes = {
	};
	objectVersion = 50;
	objects = {

/* Begin PBXBuildFile section */
		96A7E314214B9B10003DF93E /* AppDelegate.m in Sources */ = {isa = PBXBuildFile; fileRef = 96A7E313214B9B10003DF93E /* AppDelegate.m */; };
		96A7E31A214B9B10003DF93E /* Main.storyboard in Resources */ = {isa = PBXBuildFile; fileRef = 96A7E318214B9B10003DF93E /* Main.storyboard */; };
		96A7E31C214B9B12003DF93E /* Assets.xcassets in Resources */ = {isa = PBXBuildFile; fileRef = 96A7E31B214B9B12003DF93E /* Assets.xcassets */; };
		96A7E31F214B9B12003DF93E /* LaunchScreen.storyboard in Resources */ = {isa = PBXBuildFile; fileRef = 96A7E31D214B9B12003DF93E /* LaunchScreen.storyboard */; };
		96A7E322214B9B12003DF93E /* main.m in Sources */ = {isa = PBXBuildFile; fileRef = 96A7E321214B9B12003DF93E /* main.m */; };
		96A7E32A214B9C2F003DF93E /* MainViewController.m in Sources */ = {isa = PBXBuildFile; fileRef = 96A7E329214B9C2F003DF93E /* MainViewController.m */; };
		96A7E32D214BA238003DF93E /* MainTableViewCell.m in Sources */ = {isa = PBXBuildFile; fileRef = 96A7E32C214BA238003DF93E /* MainTableViewCell.m */; };
		96A7E330214BB642003DF93E /* DetailView.m in Sources */ = {isa = PBXBuildFile; fileRef = 96A7E32F214BB642003DF93E /* DetailView.m */; };
/* End PBXBuildFile section */

/* Begin PBXFileReference section */
		96A7E30F214B9B10003DF93E /* TableView.app */ = {isa = PBXFileReference; explicitFileType = wrapper.application; includeInIndex = 0; path = TableView.app; sourceTree = BUILT_PRODUCTS_DIR; };
		96A7E312214B9B10003DF93E /* AppDelegate.h */ = {isa = PBXFileReference; lastKnownFileType = sourcecode.c.h; path = AppDelegate.h; sourceTree = "<group>"; };
		96A7E313214B9B10003DF93E /* AppDelegate.m */ = {isa = PBXFileReference; lastKnownFileType = sourcecode.c.objc; path = AppDelegate.m; sourceTree = "<group>"; };
		96A7E319214B9B10003DF93E /* Base */ = {isa = PBXFileReference; lastKnownFileType = file.storyboard; name = Base; path = Base.lproj/Main.storyboard; sourceTree = "<group>"; };
		96A7E31B214B9B12003DF93E /* Assets.xcassets */ = {isa = PBXFileReference; lastKnownFileType = folder.assetcatalog; path = Assets.xcassets; sourceTree = "<group>"; };
		96A7E31E214B9B12003DF93E /* Base */ = {isa = PBXFileReference; lastKnownFileType = file.storyboard; name = Base; path = Base.lproj/LaunchScreen.storyboard; sourceTree = "<group>"; };
		96A7E320214B9B12003DF93E /* Info.plist */ = {isa = PBXFileReference; lastKnownFileType = text.plist.xml; path = Info.plist; sourceTree = "<group>"; };
		96A7E321214B9B12003DF93E /* main.m */ = {isa = PBXFileReference; lastKnownFileType = sourcecode.c.objc; path = main.m; sourceTree = "<group>"; };
		96A7E328214B9BF8003DF93E /* MainViewController.h */ = {isa = PBXFileReference; lastKnownFileType = sourcecode.c.h; path = MainViewController.h; sourceTree = "<group>"; };
		96A7E329214B9C2F003DF93E /* MainViewController.m */ = {isa = PBXFileReference; lastKnownFileType = sourcecode.c.objc; path = MainViewController.m; sourceTree = "<group>"; };
		96A7E32B214BA223003DF93E /* MainTableViewCell.h */ = {isa = PBXFileReference; lastKnownFileType = sourcecode.c.h; path = MainTableViewCell.h; sourceTree = "<group>"; };
		96A7E32C214BA238003DF93E /* MainTableViewCell.m */ = {isa = PBXFileReference; lastKnownFileType = sourcecode.c.objc; path = MainTableViewCell.m; sourceTree = "<group>"; };
		96A7E32E214BB635003DF93E /* DetailView.h */ = {isa = PBXFileReference; lastKnownFileType = sourcecode.c.h; path = DetailView.h; sourceTree = "<group>"; };
		96A7E32F214BB642003DF93E /* DetailView.m */ = {isa = PBXFileReference; lastKnownFileType = sourcecode.c.objc; path = DetailView.m; sourceTree = "<group>"; };
/* End PBXFileReference section */

/* Begin PBXFrameworksBuildPhase section */
		96A7E30C214B9B10003DF93E /* Frameworks */ = {
			isa = PBXFrameworksBuildPhase;
			buildActionMask = 2147483647;
			files = (
			);
			runOnlyForDeploymentPostprocessing = 0;
		};
/* End PBXFrameworksBuildPhase section */

/* Begin PBXGroup section */
		96A7E306214B9B10003DF93E = {
			isa = PBXGroup;
			children = (
				96A7E311214B9B10003DF93E /* TableView */,
				96A7E310214B9B10003DF93E /* Products */,
			);
			sourceTree = "<group>";
		};
		96A7E310214B9B10003DF93E /* Products */ = {
			isa = PBXGroup;
			children = (
				96A7E30F214B9B10003DF93E /* TableView.app */,
			);
			name = Products;
			sourceTree = "<group>";
		};
		96A7E311214B9B10003DF93E /* TableView */ = {
			isa = PBXGroup;
			children = (
				96A7E312214B9B10003DF93E /* AppDelegate.h */,
				96A7E313214B9B10003DF93E /* AppDelegate.m */,
				96A7E318214B9B10003DF93E /* Main.storyboard */,
				96A7E31B214B9B12003DF93E /* Assets.xcassets */,
				96A7E31D214B9B12003DF93E /* LaunchScreen.storyboard */,
				96A7E320214B9B12003DF93E /* Info.plist */,
				96A7E321214B9B12003DF93E /* main.m */,
				96A7E328214B9BF8003DF93E /* MainViewController.h */,
				96A7E329214B9C2F003DF93E /* MainViewController.m */,
				96A7E32B214BA223003DF93E /* MainTableViewCell.h */,
				96A7E32C214BA238003DF93E /* MainTableViewCell.m */,
				96A7E32E214BB635003DF93E /* DetailView.h */,
				96A7E32F214BB642003DF93E /* DetailView.m */,
			);
			path = TableView;
			sourceTree = "<group>";
		};
/* End PBXGroup section */

/* Begin PBXNativeTarget section */
		96A7E30E214B9B10003DF93E /* TableView */ = {
			isa = PBXNativeTarget;
			buildConfigurationList = 96A7E325214B9B12003DF93E /* Build configuration list for PBXNativeTarget "TableView" */;
			buildPhases = (
				96A7E30B214B9B10003DF93E /* Sources */,
				96A7E30C214B9B10003DF93E /* Frameworks */,
				96A7E30D214B9B10003DF93E /* Resources */,
			);
			buildRules = (
			);
			dependencies = (
			);
			name = TableView;
			productName = TableView;
			productReference = 96A7E30F214B9B10003DF93E /* TableView.app */;
			productType = "com.apple.product-type.application";
		};
/* End PBXNativeTarget section */

/* Begin PBXProject section */
		96A7E307214B9B10003DF93E /* Project object */ = {
			isa = PBXProject;
			attributes = {
				LastUpgradeCheck = 0940;
				ORGANIZATIONNAME = "Thai Thi Tu Trinh";
				TargetAttributes = {
					96A7E30E214B9B10003DF93E = {
						CreatedOnToolsVersion = 9.4.1;
					};
				};
			};
			buildConfigurationList = 96A7E30A214B9B10003DF93E /* Build configuration list for PBXProject "TableView" */;
			compatibilityVersion = "Xcode 9.3";
			developmentRegion = en;
			hasScannedForEncodings = 0;
			knownRegions = (
				en,
				Base,
			);
			mainGroup = 96A7E306214B9B10003DF93E;
			productRefGroup = 96A7E310214B9B10003DF93E /* Products */;
			projectDirPath = "";
			projectRoot = "";
			targets = (
				96A7E30E214B9B10003DF93E /* TableView */,
			);
		};
/* End PBXProject section */

/* Begin PBXResourcesBuildPhase section */
		96A7E30D214B9B10003DF93E /* Resources */ = {
			isa = PBXResourcesBuildPhase;
			buildActionMask = 2147483647;
			files = (
				96A7E31F214B9B12003DF93E /* LaunchScreen.storyboard in Resources */,
				96A7E31C214B9B12003DF93E /* Assets.xcassets in Resources */,
				96A7E31A214B9B10003DF93E /* Main.storyboard in Resources */,
			);
			runOnlyForDeploymentPostprocessing = 0;
		};
/* End PBXResourcesBuildPhase section */

/* Begin PBXSourcesBuildPhase section */
		96A7E30B214B9B10003DF93E /* Sources */ = {
			isa = PBXSourcesBuildPhase;
			buildActionMask = 2147483647;
			files = (
				96A7E322214B9B12003DF93E /* main.m in Sources */,
				96A7E32A214B9C2F003DF93E /* MainViewController.m in Sources */,
				96A7E330214BB642003DF93E /* DetailView.m in Sources */,
				96A7E32D214BA238003DF93E /* MainTableViewCell.m in Sources */,
				96A7E314214B9B10003DF93E /* AppDelegate.m in Sources */,
			);
			runOnlyForDeploymentPostprocessing = 0;
		};
/* End PBXSourcesBuildPhase section */

/* Begin PBXVariantGroup section */
		96A7E318214B9B10003DF93E /* Main.storyboard */ = {
			isa = PBXVariantGroup;
			children = (
				96A7E319214B9B10003DF93E /* Base */,
			);
			name = Main.storyboard;
			sourceTree = "<group>";
		};
		96A7E31D214B9B12003DF93E /* LaunchScreen.storyboard */ = {
			isa = PBXVariantGroup;
			children = (
				96A7E31E214B9B12003DF93E /* Base */,
			);
			name = LaunchScreen.storyboard;
			sourceTree = "<group>";
		};
/* End PBXVariantGroup section */

/* Begin XCBuildConfiguration section */
		96A7E323214B9B12003DF93E /* Debug */ = {
			isa = XCBuildConfiguration;
			buildSettings = {
				ALWAYS_SEARCH_USER_PATHS = NO;
				CLANG_ANALYZER_NONNULL = YES;
				CLANG_ANALYZER_NUMBER_OBJECT_CONVERSION = YES_AGGRESSIVE;
				CLANG_CXX_LANGUAGE_STANDARD = "gnu++14";
				CLANG_CXX_LIBRARY = "libc++";
				CLANG_ENABLE_MODULES = YES;
				CLANG_ENABLE_OBJC_ARC = YES;
				CLANG_ENABLE_OBJC_WEAK = YES;
				CLANG_WARN_BLOCK_CAPTURE_AUTORELEASING = YES;
				CLANG_WARN_BOOL_CONVERSION = YES;
				CLANG_WARN_COMMA = YES;
				CLANG_WARN_CONSTANT_CONVERSION = YES;
				CLANG_WARN_DEPRECATED_OBJC_IMPLEMENTATIONS = YES;
				CLANG_WARN_DIRECT_OBJC_ISA_USAGE = YES_ERROR;
				CLANG_WARN_DOCUMENTATION_COMMENTS = YES;
				CLANG_WARN_EMPTY_BODY = YES;
				CLANG_WARN_ENUM_CONVERSION = YES;
				CLANG_WARN_INFINITE_RECURSION = YES;
				CLANG_WARN_INT_CONVERSION = YES;
				CLANG_WARN_NON_LITERAL_NULL_CONVERSION = YES;
				CLANG_WARN_OBJC_IMPLICIT_RETAIN_SELF = YES;
				CLANG_WARN_OBJC_LITERAL_CONVERSION = YES;
				CLANG_WARN_OBJC_ROOT_CLASS = YES_ERROR;
				CLANG_WARN_RANGE_LOOP_ANALYSIS = YES;
				CLANG_WARN_STRICT_PROTOTYPES = YES;
				CLANG_WARN_SUSPICIOUS_MOVE = YES;
				CLANG_WARN_UNGUARDED_AVAILABILITY = YES_AGGRESSIVE;
				CLANG_WARN_UNREACHABLE_CODE = YES;
				CLANG_WARN__DUPLICATE_METHOD_MATCH = YES;
				CODE_SIGN_IDENTITY = "iPhone Developer";
				COPY_PHASE_STRIP = NO;
				DEBUG_INFORMATION_FORMAT = dwarf;
				ENABLE_STRICT_OBJC_MSGSEND = YES;
				ENABLE_TESTABILITY = YES;
				GCC_C_LANGUAGE_STANDARD = gnu11;
				GCC_DYNAMIC_NO_PIC = NO;
				GCC_NO_COMMON_BLOCKS = YES;
				GCC_OPTIMIZATION_LEVEL = 0;
				GCC_PREPROCESSOR_DEFINITIONS = (
					"DEBUG=1",
					"$(inherited)",
				);
				GCC_WARN_64_TO_32_BIT_CONVERSION = YES;
				GCC_WARN_ABOUT_RETURN_TYPE = YES_ERROR;
				GCC_WARN_UNDECLARED_SELECTOR = YES;
				GCC_WARN_UNINITIALIZED_AUTOS = YES_AGGRESSIVE;
				GCC_WARN_UNUSED_FUNCTION = YES;
				GCC_WARN_UNUSED_VARIABLE = YES;
				IPHONEOS_DEPLOYMENT_TARGET = 11.4;
				MTL_ENABLE_DEBUG_INFO = YES;
				ONLY_ACTIVE_ARCH = YES;
				SDKROOT = iphoneos;
			};
			name = Debug;
		};
		96A7E324214B9B12003DF93E /* Release */ = {
			isa = XCBuildConfiguration;
			buildSettings = {
				ALWAYS_SEARCH_USER_PATHS = NO;
				CLANG_ANALYZER_NONNULL = YES;
				CLANG_ANALYZER_NUMBER_OBJECT_CONVERSION = YES_AGGRESSIVE;
				CLANG_CXX_LANGUAGE_STANDARD = "gnu++14";
				CLANG_CXX_LIBRARY = "libc++";
				CLANG_ENABLE_MODULES = YES;
				CLANG_ENABLE_OBJC_ARC = YES;
				CLANG_ENABLE_OBJC_WEAK = YES;
				CLANG_WARN_BLOCK_CAPTURE_AUTORELEASING = YES;
				CLANG_WARN_BOOL_CONVERSION = YES;
				CLANG_WARN_COMMA = YES;
				CLANG_WARN_CONSTANT_CONVERSION = YES;
				CLANG_WARN_DEPRECATED_OBJC_IMPLEMENTATIONS = YES;
				CLANG_WARN_DIRECT_OBJC_ISA_USAGE = YES_ERROR;
				CLANG_WARN_DOCUMENTATION_COMMENTS = YES;
				CLANG_WARN_EMPTY_BODY = YES;
				CLANG_WARN_ENUM_CONVERSION = YES;
				CLANG_WARN_INFINITE_RECURSION = YES;
				CLANG_WARN_INT_CONVERSION = YES;
				CLANG_WARN_NON_LITERAL_NULL_CONVERSION = YES;
				CLANG_WARN_OBJC_IMPLICIT_RETAIN_SELF = YES;
				CLANG_WARN_OBJC_LITERAL_CONVERSION = YES;
				CLANG_WARN_OBJC_ROOT_CLASS = YES_ERROR;
				CLANG_WARN_RANGE_LOOP_ANALYSIS = YES;
				CLANG_WARN_STRICT_PROTOTYPES = YES;
				CLANG_WARN_SUSPICIOUS_MOVE = YES;
				CLANG_WARN_UNGUARDED_AVAILABILITY = YES_AGGRESSIVE;
				CLANG_WARN_UNREACHABLE_CODE = YES;
				CLANG_WARN__DUPLICATE_METHOD_MATCH = YES;
				CODE_SIGN_IDENTITY = "iPhone Developer";
				COPY_PHASE_STRIP = NO;
				DEBUG_INFORMATION_FORMAT = "dwarf-with-dsym";
				ENABLE_NS_ASSERTIONS = NO;
				ENABLE_STRICT_OBJC_MSGSEND = YES;
				GCC_C_LANGUAGE_STANDARD = gnu11;
				GCC_NO_COMMON_BLOCKS = YES;
				GCC_WARN_64_TO_32_BIT_CONVERSION = YES;
				GCC_WARN_ABOUT_RETURN_TYPE = YES_ERROR;
				GCC_WARN_UNDECLARED_SELECTOR = YES;
				GCC_WARN_UNINITIALIZED_AUTOS = YES_AGGRESSIVE;
				GCC_WARN_UNUSED_FUNCTION = YES;
				GCC_WARN_UNUSED_VARIABLE = YES;
				IPHONEOS_DEPLOYMENT_TARGET = 11.4;
				MTL_ENABLE_DEBUG_INFO = NO;
				SDKROOT = iphoneos;
				VALIDATE_PRODUCT = YES;
			};
			name = Release;
		};
		96A7E326214B9B12003DF93E /* Debug */ = {
			isa = XCBuildConfiguration;
			buildSettings = {
				ASSETCATALOG_COMPILER_APPICON_NAME = AppIcon;
				CODE_SIGN_STYLE = Automatic;
				DEVELOPMENT_TEAM = 6C99TY569A;
				INFOPLIST_FILE = TableView/Info.plist;
				LD_RUNPATH_SEARCH_PATHS = (
					"$(inherited)",
					"@executable_path/Frameworks",
				);
				PRODUCT_BUNDLE_IDENTIFIER = trinh.ttt.TableView;
				PRODUCT_NAME = "$(TARGET_NAME)";
				TARGETED_DEVICE_FAMILY = "1,2";
			};
			name = Debug;
		};
		96A7E327214B9B12003DF93E /* Release */ = {
			isa = XCBuildConfiguration;
			buildSettings = {
				ASSETCATALOG_COMPILER_APPICON_NAME = AppIcon;
				CODE_SIGN_STYLE = Automatic;
				DEVELOPMENT_TEAM = 6C99TY569A;
				INFOPLIST_FILE = TableView/Info.plist;
				LD_RUNPATH_SEARCH_PATHS = (
					"$(inherited)",
					"@executable_path/Frameworks",
				);
				PRODUCT_BUNDLE_IDENTIFIER = trinh.ttt.TableView;
				PRODUCT_NAME = "$(TARGET_NAME)";
				TARGETED_DEVICE_FAMILY = "1,2";
			};
			name = Release;
		};
/* End XCBuildConfiguration section */

/* Begin XCConfigurationList section */
		96A7E30A214B9B10003DF93E /* Build configuration list for PBXProject "TableView" */ = {
			isa = XCConfigurationList;
			buildConfigurations = (
				96A7E323214B9B12003DF93E /* Debug */,
				96A7E324214B9B12003DF93E /* Release */,
			);
			defaultConfigurationIsVisible = 0;
			defaultConfigurationName = Release;
		};
		96A7E325214B9B12003DF93E /* Build configuration list for PBXNativeTarget "TableView" */ = {
			isa = XCConfigurationList;
			buildConfigurations = (
				96A7E326214B9B12003DF93E /* Debug */,
				96A7E327214B9B12003DF93E /* Release */,
			);
			defaultConfigurationIsVisible = 0;
			defaultConfigurationName = Release;
		};
/* End XCConfigurationList section */
	};
	rootObject = 96A7E307214B9B10003DF93E /* Project object */;
}
